
Microsoft Visual Studio Solution File, Format Version 12.00
Project("{FAE04EC0-301F-11D3-BF4B-00C04F79EFBC}") = "KriptolojiWebApp", "KriptolojiWebApp\KriptolojiWebApp.csproj", "{C93C56D7-9BC3-4F8C-B337-94F09E6852AE}"
EndProject
Global
	GlobalSection(SolutionConfigurationPlatforms) = preSolution
		Debug|Any CPU = Debug|Any CPU
		Release|Any CPU = Release|Any CPU
	EndGlobalSection
	GlobalSection(ProjectConfigurationPlatforms) = postSolution
		{C93C56D7-9BC3-4F8C-B337-94F09E6852AE}.Debug|Any CPU.ActiveCfg = Debug|Any CPU
		{C93C56D7-9BC3-4F8C-B337-94F09E6852AE}.Debug|Any CPU.Build.0 = Debug|Any CPU
		{C93C56D7-9BC3-4F8C-B337-94F09E6852AE}.Release|Any CPU.ActiveCfg = Release|Any CPU
		{C93C56D7-9BC3-4F8C-B337-94F09E6852AE}.Release|Any CPU.Build.0 = Release|Any CPU
	EndGlobalSection
EndGlobal
